// !$*UTF8*$!
{
	archiveVersion = 1;
	classes = {
	};
	objectVersion = 46;
	objects = {

/* Begin PBXBuildFile section */
		1BC5DB041B99D31800C089C6 /* main.m in Sources */ = {isa = PBXBuildFile; fileRef = 1BC5DB031B99D31800C089C6 /* main.m */; };
		1BC5DB071B99D31800C089C6 /* AppDelegate.m in Sources */ = {isa = PBXBuildFile; fileRef = 1BC5DB061B99D31800C089C6 /* AppDelegate.m */; };
		1BC5DB0A1B99D31800C089C6 /* ViewController.m in Sources */ = {isa = PBXBuildFile; fileRef = 1BC5DB091B99D31800C089C6 /* ViewController.m */; };
		1BC5DB0D1B99D31800C089C6 /* Main.storyboard in Resources */ = {isa = PBXBuildFile; fileRef = 1BC5DB0B1B99D31800C089C6 /* Main.storyboard */; };
		1BC5DB0F1B99D31800C089C6 /* Images.xcassets in Resources */ = {isa = PBXBuildFile; fileRef = 1BC5DB0E1B99D31800C089C6 /* Images.xcassets */; };
		1BC5DB121B99D31800C089C6 /* LaunchScreen.xib in Resources */ = {isa = PBXBuildFile; fileRef = 1BC5DB101B99D31800C089C6 /* LaunchScreen.xib */; };
		1BC5DB2D1B99D44000C089C6 /* LSLogViewer.m in Sources */ = {isa = PBXBuildFile; fileRef = 1BC5DB2B1B99D44000C089C6 /* LSLogViewer.m */; };
		1BC5DB2E1B99D44000C089C6 /* LSLogViewer.xib in Resources */ = {isa = PBXBuildFile; fileRef = 1BC5DB2C1B99D44000C089C6 /* LSLogViewer.xib */; };
/* End PBXBuildFile section */

/* Begin PBXFileReference section */
		1BC5DAFE1B99D31800C089C6 /* LSLogViewerSample.app */ = {isa = PBXFileReference; explicitFileType = wrapper.application; includeInIndex = 0; path = LSLogViewerSample.app; sourceTree = BUILT_PRODUCTS_DIR; };
		1BC5DB021B99D31800C089C6 /* Info.plist */ = {isa = PBXFileReference; lastKnownFileType = text.plist.xml; path = Info.plist; sourceTree = "<group>"; };
		1BC5DB031B99D31800C089C6 /* main.m */ = {isa = PBXFileReference; lastKnownFileType = sourcecode.c.objc; path = main.m; sourceTree = "<group>"; };
		1BC5DB051B99D31800C089C6 /* AppDelegate.h */ = {isa = PBXFileReference; lastKnownFileType = sourcecode.c.h; path = AppDelegate.h; sourceTree = "<group>"; };
		1BC5DB061B99D31800C089C6 /* AppDelegate.m */ = {isa = PBXFileReference; lastKnownFileType = sourcecode.c.objc; path = AppDelegate.m; sourceTree = "<group>"; };
		1BC5DB081B99D31800C089C6 /* ViewController.h */ = {isa = PBXFileReference; lastKnownFileType = sourcecode.c.h; path = ViewController.h; sourceTree = "<group>"; };
		1BC5DB091B99D31800C089C6 /* ViewController.m */ = {isa = PBXFileReference; lastKnownFileType = sourcecode.c.objc; path = ViewController.m; sourceTree = "<group>"; };
		1BC5DB0C1B99D31800C089C6 /* Base */ = {isa = PBXFileReference; lastKnownFileType = file.storyboard; name = Base; path = Base.lproj/Main.storyboard; sourceTree = "<group>"; };
		1BC5DB0E1B99D31800C089C6 /* Images.xcassets */ = {isa = PBXFileReference; lastKnownFileType = folder.assetcatalog; path = Images.xcassets; sourceTree = "<group>"; };
		1BC5DB111B99D31800C089C6 /* Base */ = {isa = PBXFileReference; lastKnownFileType = file.xib; name = Base; path = Base.lproj/LaunchScreen.xib; sourceTree = "<group>"; };
		1BC5DB2A1B99D44000C089C6 /* LSLogViewer.h */ = {isa = PBXFileReference; fileEncoding = 4; lastKnownFileType = sourcecode.c.h; path = LSLogViewer.h; sourceTree = "<group>"; };
		1BC5DB2B1B99D44000C089C6 /* LSLogViewer.m */ = {isa = PBXFileReference; fileEncoding = 4; lastKnownFileType = sourcecode.c.objc; path = LSLogViewer.m; sourceTree = "<group>"; };
		1BC5DB2C1B99D44000C089C6 /* LSLogViewer.xib */ = {isa = PBXFileReference; fileEncoding = 4; lastKnownFileType = file.xib; path = LSLogViewer.xib; sourceTree = "<group>"; };
/* End PBXFileReference section */

/* Begin PBXFrameworksBuildPhase section */
		1BC5DAFB1B99D31800C089C6 /* Frameworks */ = {
			isa = PBXFrameworksBuildPhase;
			buildActionMask = 2147483647;
			files = (
			);
			runOnlyForDeploymentPostprocessing = 0;
		};
/* End PBXFrameworksBuildPhase section */

/* Begin PBXGroup section */
		1BC5DAF51B99D31800C089C6 = {
			isa = PBXGroup;
			children = (
				1BC5DB291B99D44000C089C6 /* LSLogViewer */,
				1BC5DB001B99D31800C089C6 /* LSLogViewerSample */,
				1BC5DAFF1B99D31800C089C6 /* Products */,
			);
			sourceTree = "<group>";
		};
		1BC5DAFF1B99D31800C089C6 /* Products */ = {
			isa = PBXGroup;
			children = (
				1BC5DAFE1B99D31800C089C6 /* LSLogViewerSample.app */,
			);
			name = Products;
			sourceTree = "<group>";
		};
		1BC5DB001B99D31800C089C6 /* LSLogViewerSample */ = {
			isa = PBXGroup;
			children = (
				1BC5DB051B99D31800C089C6 /* AppDelegate.h */,
				1BC5DB061B99D31800C089C6 /* AppDelegate.m */,
				1BC5DB081B99D31800C089C6 /* ViewController.h */,
				1BC5DB091B99D31800C089C6 /* ViewController.m */,
				1BC5DB0B1B99D31800C089C6 /* Main.storyboard */,
				1BC5DB0E1B99D31800C089C6 /* Images.xcassets */,
				1BC5DB101B99D31800C089C6 /* LaunchScreen.xib */,
				1BC5DB011B99D31800C089C6 /* Supporting Files */,
			);
			path = LSLogViewerSample;
			sourceTree = "<group>";
		};
		1BC5DB011B99D31800C089C6 /* Supporting Files */ = {
			isa = PBXGroup;
			children = (
				1BC5DB021B99D31800C089C6 /* Info.plist */,
				1BC5DB031B99D31800C089C6 /* main.m */,
			);
			name = "Supporting Files";
			sourceTree = "<group>";
		};
		1BC5DB291B99D44000C089C6 /* LSLogViewer */ = {
			isa = PBXGroup;
			children = (
				1BC5DB2A1B99D44000C089C6 /* LSLogViewer.h */,
				1BC5DB2B1B99D44000C089C6 /* LSLogViewer.m */,
				1BC5DB2C1B99D44000C089C6 /* LSLogViewer.xib */,
			);
			path = LSLogViewer;
			sourceTree = "<group>";
		};
/* End PBXGroup section */

/* Begin PBXNativeTarget section */
		1BC5DAFD1B99D31800C089C6 /* LSLogViewerSample */ = {
			isa = PBXNativeTarget;
			buildConfigurationList = 1BC5DB211B99D31800C089C6 /* Build configuration list for PBXNativeTarget "LSLogViewerSample" */;
			buildPhases = (
				1BC5DAFA1B99D31800C089C6 /* Sources */,
				1BC5DAFB1B99D31800C089C6 /* Frameworks */,
				1BC5DAFC1B99D31800C089C6 /* Resources */,
			);
			buildRules = (
			);
			dependencies = (
			);
			name = LSLogViewerSample;
			productName = LSLogViewerSample;
			productReference = 1BC5DAFE1B99D31800C089C6 /* LSLogViewerSample.app */;
			productType = "com.apple.product-type.application";
		};
/* End PBXNativeTarget section */

/* Begin PBXProject section */
		1BC5DAF61B99D31800C089C6 /* Project object */ = {
			isa = PBXProject;
			attributes = {
				LastUpgradeCheck = 0640;
				ORGANIZATIONNAME = "Leszek S";
				TargetAttributes = {
					1BC5DAFD1B99D31800C089C6 = {
						CreatedOnToolsVersion = 6.4;
					};
				};
			};
			buildConfigurationList = 1BC5DAF91B99D31800C089C6 /* Build configuration list for PBXProject "LSLogViewerSample" */;
			compatibilityVersion = "Xcode 3.2";
			developmentRegion = English;
			hasScannedForEncodings = 0;
			knownRegions = (
				en,
				Base,
			);
			mainGroup = 1BC5DAF51B99D31800C089C6;
			productRefGroup = 1BC5DAFF1B99D31800C089C6 /* Products */;
			projectDirPath = "";
			projectRoot = "";
			targets = (
				1BC5DAFD1B99D31800C089C6 /* LSLogViewerSample */,
			);
		};
/* End PBXProject section */

/* Begin PBXResourcesBuildPhase section */
		1BC5DAFC1B99D31800C089C6 /* Resources */ = {
			isa = PBXResourcesBuildPhase;
			buildActionMask = 2147483647;
			files = (
				1BC5DB0D1B99D31800C089C6 /* Main.storyboard in Resources */,
				1BC5DB121B99D31800C089C6 /* LaunchScreen.xib in Resources */,
				1BC5DB0F1B99D31800C089C6 /* Images.xcassets in Resources */,
				1BC5DB2E1B99D44000C089C6 /* LSLogViewer.xib in Resources */,
			);
			runOnlyForDeploymentPostprocessing = 0;
		};
/* End PBXResourcesBuildPhase section */

/* Begin PBXSourcesBuildPhase section */
		1BC5DAFA1B99D31800C089C6 /* Sources */ = {
			isa = PBXSourcesBuildPhase;
			buildActionMask = 2147483647;
			files = (
				1BC5DB0A1B99D31800C089C6 /* ViewController.m in Sources */,
				1BC5DB071B99D31800C089C6 /* AppDelegate.m in Sources */,
				1BC5DB041B99D31800C089C6 /* main.m in Sources */,
				1BC5DB2D1B99D44000C089C6 /* LSLogViewer.m in Sources */,
			);
			runOnlyForDeploymentPostprocessing = 0;
		};
/* End PBXSourcesBuildPhase section */

/* Begin PBXVariantGroup section */
		1BC5DB0B1B99D31800C089C6 /* Main.storyboard */ = {
			isa = PBXVariantGroup;
			children = (
				1BC5DB0C1B99D31800C089C6 /* Base */,
			);
			name = Main.storyboard;
			sourceTree = "<group>";
		};
		1BC5DB101B99D31800C089C6 /* LaunchScreen.xib */ = {
			isa = PBXVariantGroup;
			children = (
				1BC5DB111B99D31800C089C6 /* Base */,
			);
			name = LaunchScreen.xib;
			sourceTree = "<group>";
		};
/* End PBXVariantGroup section */

/* Begin XCBuildConfiguration section */
		1BC5DB1F1B99D31800C089C6 /* Debug */ = {
			isa = XCBuildConfiguration;
			buildSettings = {
				ALWAYS_SEARCH_USER_PATHS = NO;
				CLANG_CXX_LANGUAGE_STANDARD = "gnu++0x";
				CLANG_CXX_LIBRARY = "libc++";
				CLANG_ENABLE_MODULES = YES;
				CLANG_ENABLE_OBJC_ARC = YES;
				CLANG_WARN_BOOL_CONVERSION = YES;
				CLANG_WARN_CONSTANT_CONVERSION = YES;
				CLANG_WARN_DIRECT_OBJC_ISA_USAGE = YES_ERROR;
				CLANG_WARN_EMPTY_BODY = YES;
				CLANG_WARN_ENUM_CONVERSION = YES;
				CLANG_WARN_INT_CONVERSION = YES;
				CLANG_WARN_OBJC_ROOT_CLASS = YES_ERROR;
				CLANG_WARN_UNREACHABLE_CODE = YES;
				CLANG_WARN__DUPLICATE_METHOD_MATCH = YES;
				"CODE_SIGN_IDENTITY[sdk=iphoneos*]" = "iPhone Developer";
				COPY_PHASE_STRIP = NO;
				DEBUG_INFORMATION_FORMAT = "dwarf-with-dsym";
				ENABLE_STRICT_OBJC_MSGSEND = YES;
				GCC_C_LANGUAGE_STANDARD = gnu99;
				GCC_DYNAMIC_NO_PIC = NO;
				GCC_NO_COMMON_BLOCKS = YES;
				GCC_OPTIMIZATION_LEVEL = 0;
				GCC_PREPROCESSOR_DEFINITIONS = (
					"DEBUG=1",
					"$(inherited)",
				);
				GCC_SYMBOLS_PRIVATE_EXTERN = NO;
				GCC_WARN_64_TO_32_BIT_CONVERSION = YES;
				GCC_WARN_ABOUT_RETURN_TYPE = YES_ERROR;
				GCC_WARN_UNDECLARED_SELECTOR = YES;
				GCC_WARN_UNINITIALIZED_AUTOS = YES_AGGRESSIVE;
				GCC_WARN_UNUSED_FUNCTION = YES;
				GCC_WARN_UNUSED_VARIABLE = YES;
				IPHONEOS_DEPLOYMENT_TARGET = 8.4;
				MTL_ENABLE_DEBUG_INFO = YES;
				ONLY_ACTIVE_ARCH = YES;
				SDKROOT = iphoneos;
				TARGETED_DEVICE_FAMILY = "1,2";
			};
			name = Debug;
		};
		1BC5DB201B99D31800C089C6 /* Release */ = {
			isa = XCBuildConfiguration;
			buildSettings = {
				ALWAYS_SEARCH_USER_PATHS = NO;
				CLANG_CXX_LANGUAGE_STANDARD = "gnu++0x";
				CLANG_CXX_LIBRARY = "libc++";
				CLANG_ENABLE_MODULES = YES;
				CLANG_ENABLE_OBJC_ARC = YES;
				CLANG_WARN_BOOL_CONVERSION = YES;
				CLANG_WARN_CONSTANT_CONVERSION = YES;
				CLANG_WARN_DIRECT_OBJC_ISA_USAGE = YES_ERROR;
				CLANG_WARN_EMPTY_BODY = YES;
				CLANG_WARN_ENUM_CONVERSION = YES;
				CLANG_WARN_INT_CONVERSION = YES;
				CLANG_WARN_OBJC_ROOT_CLASS = YES_ERROR;
				CLANG_WARN_UNREACHABLE_CODE = YES;
				CLANG_WARN__DUPLICATE_METHOD_MATCH = YES;
				"CODE_SIGN_IDENTITY[sdk=iphoneos*]" = "iPhone Developer";
				COPY_PHASE_STRIP = NO;
				DEBUG_INFORMATION_FORMAT = "dwarf-with-dsym";
				ENABLE_NS_ASSERTIONS = NO;
				ENABLE_STRICT_OBJC_MSGSEND = YES;
				GCC_C_LANGUAGE_STANDARD = gnu99;
				GCC_NO_COMMON_BLOCKS = YES;
				GCC_WARN_64_TO_32_BIT_CONVERSION = YES;
				GCC_WARN_ABOUT_RETURN_TYPE = YES_ERROR;
				GCC_WARN_UNDECLARED_SELECTOR = YES;
				GCC_WARN_UNINITIALIZED_AUTOS = YES_AGGRESSIVE;
				GCC_WARN_UNUSED_FUNCTION = YES;
				GCC_WARN_UNUSED_VARIABLE = YES;
				IPHONEOS_DEPLOYMENT_TARGET = 8.4;
				MTL_ENABLE_DEBUG_INFO = NO;
				SDKROOT = iphoneos;
				TARGETED_DEVICE_FAMILY = "1,2";
				VALIDATE_PRODUCT = YES;
			};
			name = Release;
		};
		1BC5DB221B99D31800C089C6 /* Debug */ = {
			isa = XCBuildConfiguration;
			buildSettings = {
				ASSETCATALOG_COMPILER_APPICON_NAME = AppIcon;
				INFOPLIST_FILE = LSLogViewerSample/Info.plist;
				IPHONEOS_DEPLOYMENT_TARGET = 7.0;
				LD_RUNPATH_SEARCH_PATHS = "$(inherited) @executable_path/Frameworks";
				PRODUCT_NAME = "$(TARGET_NAME)";
			};
			name = Debug;
		};
		1BC5DB231B99D31800C089C6 /* Release */ = {
			isa = XCBuildConfiguration;
			buildSettings = {
				ASSETCATALOG_COMPILER_APPICON_NAME = AppIcon;
				INFOPLIST_FILE = LSLogViewerSample/Info.plist;
				IPHONEOS_DEPLOYMENT_TARGET = 7.0;
				LD_RUNPATH_SEARCH_PATHS = "$(inherited) @executable_path/Frameworks";
				PRODUCT_NAME = "$(TARGET_NAME)";
			};
			name = Release;
		};
/* End XCBuildConfiguration section */

/* Begin XCConfigurationList section */
		1BC5DAF91B99D31800C089C6 /* Build configuration list for PBXProject "LSLogViewerSample" */ = {
			isa = XCConfigurationList;
			buildConfigurations = (
				1BC5DB1F1B99D31800C089C6 /* Debug */,
				1BC5DB201B99D31800C089C6 /* Release */,
			);
			defaultConfigurationIsVisible = 0;
			defaultConfigurationName = Release;
		};
		1BC5DB211B99D31800C089C6 /* Build configuration list for PBXNativeTarget "LSLogViewerSample" */ = {
			isa = XCConfigurationList;
			buildConfigurations = (
				1BC5DB221B99D31800C089C6 /* Debug */,
				1BC5DB231B99D31800C089C6 /* Release */,
			);
			defaultConfigurationIsVisible = 0;
			defaultConfigurationName = Release;
		};
/* End XCConfigurationList section */
	};
	rootObject = 1BC5DAF61B99D31800C089C6 /* Project object */;
}
